
Microsoft Visual Studio Solution File, Format Version 12.00
# Visual Studio 15
VisualStudioVersion = 15.0.27703.2026
MinimumVisualStudioVersion = 10.0.40219.1
Project("{8BC9CEB8-8B4A-11D0-8D11-00A0C91BC942}") = "ByteKiller", "ByteKiller.vcxproj", "{19F1C2BD-0742-47F9-A45D-A4A23AB0A2C8}"
EndProject
Global
	GlobalSection(SolutionConfigurationPlatforms) = preSolution
		Debug|x64 = Debug|x64
		Debug|x86 = Debug|x86
		Release|x64 = Release|x64
		Release|x86 = Release|x86
	EndGlobalSection
	GlobalSection(ProjectConfigurationPlatforms) = postSolution
		{19F1C2BD-0742-47F9-A45D-A4A23AB0A2C8}.Debug|x64.ActiveCfg = Debug|x64
		{19F1C2BD-0742-47F9-A45D-A4A23AB0A2C8}.Debug|x64.Build.0 = Debug|x64
		{19F1C2BD-0742-47F9-A45D-A4A23AB0A2C8}.Debug|x86.ActiveCfg = Debug|Win32
		{19F1C2BD-0742-47F9-A45D-A4A23AB0A2C8}.Debug|x86.Build.0 = Debug|Win32
		{19F1C2BD-0742-47F9-A45D-A4A23AB0A2C8}.Release|x64.ActiveCfg = Release|x64
		{19F1C2BD-0742-47F9-A45D-A4A23AB0A2C8}.Release|x64.Build.0 = Release|x64
		{19F1C2BD-0742-47F9-A45D-A4A23AB0A2C8}.Release|x86.ActiveCfg = Release|Win32
		{19F1C2BD-0742-47F9-A45D-A4A23AB0A2C8}.Release|x86.Build.0 = Release|Win32
	EndGlobalSection
	GlobalSection(SolutionProperties) = preSolution
		HideSolutionNode = FALSE
	EndGlobalSection
	GlobalSection(ExtensibilityGlobals) = postSolution
		SolutionGuid = {FA71888F-D1DF-4211-A722-84BE92DB1038}
	EndGlobalSection
EndGlobal
