
Microsoft Visual Studio Solution File, Format Version 12.00
Project("{FAE04EC0-301F-11D3-BF4B-00C04F79EFBC}") = "CrunchyKiller", "CrunchyKiller.csproj", "{B5DCC10D-FA66-4DC5-8B6D-4DD3F58CF34F}"
EndProject
Global
	GlobalSection(SolutionConfigurationPlatforms) = preSolution
		Debug|Any CPU = Debug|Any CPU
		Release|Any CPU = Release|Any CPU
	EndGlobalSection
	GlobalSection(ProjectConfigurationPlatforms) = postSolution
		{B5DCC10D-FA66-4DC5-8B6D-4DD3F58CF34F}.Debug|Any CPU.ActiveCfg = Debug|Any CPU
		{B5DCC10D-FA66-4DC5-8B6D-4DD3F58CF34F}.Debug|Any CPU.Build.0 = Debug|Any CPU
		{B5DCC10D-FA66-4DC5-8B6D-4DD3F58CF34F}.Release|Any CPU.ActiveCfg = Release|Any CPU
		{B5DCC10D-FA66-4DC5-8B6D-4DD3F58CF34F}.Release|Any CPU.Build.0 = Release|Any CPU
	EndGlobalSection
EndGlobal
